
Microsoft Visual Studio Solution File, Format Version 12.00
# Visual Studio Version 17
VisualStudioVersion = 17.1.32319.34
MinimumVisualStudioVersion = 10.0.40219.1
Project("{2150E333-8FDC-42A3-9474-1A3956D46DE8}") = "scr", "scr", "{FE5164FA-D49E-4516-8299-6F604C293078}"
EndProject
Project("{9A19103F-16F7-4668-BE54-9A1E7A4F7556}") = "Domain", "Domain\Domain.csproj", "{A20EFF34-9CF9-4569-891D-46B3079E7E49}"
EndProject
Project("{9A19103F-16F7-4668-BE54-9A1E7A4F7556}") = "Aplication", "Aplication\Aplication.csproj", "{EEBBC87F-4E26-4FBA-B175-0EE783F9C176}"
EndProject
Project("{9A19103F-16F7-4668-BE54-9A1E7A4F7556}") = "Infrastructure", "Infrastructure\Infrastructure.csproj", "{5E16A637-813C-46D4-B781-3C25E6936D9E}"
EndProject
Project("{9A19103F-16F7-4668-BE54-9A1E7A4F7556}") = "WebAPI", "WebAPI\WebAPI.csproj", "{316F6466-0389-4818-9450-BA49233AFBD2}"
EndProject
Project("{2150E333-8FDC-42A3-9474-1A3956D46DE8}") = "Shared", "Shared", "{CA1B06BB-5564-4379-A95D-84403F9B260D}"
EndProject
Project("{FAE04EC0-301F-11D3-BF4B-00C04F79EFBC}") = "Shared.Abstraction", "Shared.Abstraction\Shared.Abstraction.csproj", "{AC4B5EE8-87FD-49BC-8803-63EEE416942B}"
EndProject
Global
	GlobalSection(SolutionConfigurationPlatforms) = preSolution
		Debug|Any CPU = Debug|Any CPU
		Release|Any CPU = Release|Any CPU
	EndGlobalSection
	GlobalSection(ProjectConfigurationPlatforms) = postSolution
		{A20EFF34-9CF9-4569-891D-46B3079E7E49}.Debug|Any CPU.ActiveCfg = Debug|Any CPU
		{A20EFF34-9CF9-4569-891D-46B3079E7E49}.Debug|Any CPU.Build.0 = Debug|Any CPU
		{A20EFF34-9CF9-4569-891D-46B3079E7E49}.Release|Any CPU.ActiveCfg = Release|Any CPU
		{A20EFF34-9CF9-4569-891D-46B3079E7E49}.Release|Any CPU.Build.0 = Release|Any CPU
		{EEBBC87F-4E26-4FBA-B175-0EE783F9C176}.Debug|Any CPU.ActiveCfg = Debug|Any CPU
		{EEBBC87F-4E26-4FBA-B175-0EE783F9C176}.Debug|Any CPU.Build.0 = Debug|Any CPU
		{EEBBC87F-4E26-4FBA-B175-0EE783F9C176}.Release|Any CPU.ActiveCfg = Release|Any CPU
		{EEBBC87F-4E26-4FBA-B175-0EE783F9C176}.Release|Any CPU.Build.0 = Release|Any CPU
		{5E16A637-813C-46D4-B781-3C25E6936D9E}.Debug|Any CPU.ActiveCfg = Debug|Any CPU
		{5E16A637-813C-46D4-B781-3C25E6936D9E}.Debug|Any CPU.Build.0 = Debug|Any CPU
		{5E16A637-813C-46D4-B781-3C25E6936D9E}.Release|Any CPU.ActiveCfg = Release|Any CPU
		{5E16A637-813C-46D4-B781-3C25E6936D9E}.Release|Any CPU.Build.0 = Release|Any CPU
		{316F6466-0389-4818-9450-BA49233AFBD2}.Debug|Any CPU.ActiveCfg = Debug|Any CPU
		{316F6466-0389-4818-9450-BA49233AFBD2}.Debug|Any CPU.Build.0 = Debug|Any CPU
		{316F6466-0389-4818-9450-BA49233AFBD2}.Release|Any CPU.ActiveCfg = Release|Any CPU
		{316F6466-0389-4818-9450-BA49233AFBD2}.Release|Any CPU.Build.0 = Release|Any CPU
		{AC4B5EE8-87FD-49BC-8803-63EEE416942B}.Debug|Any CPU.ActiveCfg = Debug|Any CPU
		{AC4B5EE8-87FD-49BC-8803-63EEE416942B}.Debug|Any CPU.Build.0 = Debug|Any CPU
		{AC4B5EE8-87FD-49BC-8803-63EEE416942B}.Release|Any CPU.ActiveCfg = Release|Any CPU
		{AC4B5EE8-87FD-49BC-8803-63EEE416942B}.Release|Any CPU.Build.0 = Release|Any CPU
	EndGlobalSection
	GlobalSection(SolutionProperties) = preSolution
		HideSolutionNode = FALSE
	EndGlobalSection
	GlobalSection(NestedProjects) = preSolution
		{A20EFF34-9CF9-4569-891D-46B3079E7E49} = {FE5164FA-D49E-4516-8299-6F604C293078}
		{EEBBC87F-4E26-4FBA-B175-0EE783F9C176} = {FE5164FA-D49E-4516-8299-6F604C293078}
		{5E16A637-813C-46D4-B781-3C25E6936D9E} = {FE5164FA-D49E-4516-8299-6F604C293078}
		{316F6466-0389-4818-9450-BA49233AFBD2} = {FE5164FA-D49E-4516-8299-6F604C293078}
		{AC4B5EE8-87FD-49BC-8803-63EEE416942B} = {CA1B06BB-5564-4379-A95D-84403F9B260D}
	EndGlobalSection
	GlobalSection(ExtensibilityGlobals) = postSolution
		SolutionGuid = {FF6F7A59-460E-4EAF-B85A-BC38EC94AECB}
	EndGlobalSection
EndGlobal
